
Microsoft Visual Studio Solution File, Format Version 12.00
# Visual Studio Version 17
VisualStudioVersion = 17.8.34525.116
MinimumVisualStudioVersion = 10.0.40219.1
Project("{9A19103F-16F7-4668-BE54-9A1E7A4F7556}") = "bigger-number", "bigger-number\bigger-number.csproj", "{88D071E2-B2A0-4D7C-9574-025F59E66DDE}"
EndProject
Project("{9A19103F-16F7-4668-BE54-9A1E7A4F7556}") = "club-access", "club-access\club-access.csproj", "{495D9712-432E-4307-9BFF-7545C9F8685E}"
EndProject
Project("{9A19103F-16F7-4668-BE54-9A1E7A4F7556}") = "final-price-product", "final-price-product\final-price-product.csproj", "{FC0E218A-3A5D-422B-8239-52024F6574D3}"
EndProject
Project("{9A19103F-16F7-4668-BE54-9A1E7A4F7556}") = "login-simulator", "login-simulator\login-simulator.csproj", "{1ECB4863-8D37-4425-BB14-93DA86F14CE5}"
EndProject
Project("{9A19103F-16F7-4668-BE54-9A1E7A4F7556}") = "even-or-odd", "even-or-odd\even-or-odd.csproj", "{11396F5C-83A8-47A1-92D3-457E17634C0D}"
EndProject
Project("{9A19103F-16F7-4668-BE54-9A1E7A4F7556}") = "loan-approval-or-rejection", "loan-approval-or-rejection\loan-approval-or-rejection.csproj", "{DF929707-1846-4463-B3F9-B8050E5226DB}"
EndProject
Project("{9A19103F-16F7-4668-BE54-9A1E7A4F7556}") = "area-geometric-figure", "area-geometric-figure\area-geometric-figure.csproj", "{C9060690-C2C1-4547-BB52-6A419F0C0675}"
EndProject
Project("{FAE04EC0-301F-11D3-BF4B-00C04F79EFBC}") = "number-as-letter-to-number", "number-as-letter-to-number\number-as-letter-to-number.csproj", "{9E365BD0-CFD1-423E-877B-DBCE00026DC0}"
EndProject
Project("{FAE04EC0-301F-11D3-BF4B-00C04F79EFBC}") = "weekdays", "weekdays\weekdays.csproj", "{7A0A8B9C-036C-4493-A13D-CF320D8956BD}"
EndProject
Project("{FAE04EC0-301F-11D3-BF4B-00C04F79EFBC}") = "calculate-amount-to-pay-for-service", "calculate-amount-to-pay-for-service\calculate-amount-to-pay-for-service.csproj", "{72F779E8-D466-4679-85FF-E4508C601FBF}"
EndProject
Project("{FAE04EC0-301F-11D3-BF4B-00C04F79EFBC}") = "welcome-in-diff-languages", "welcome-in-diff-languages\welcome-in-diff-languages.csproj", "{DC9ADAD5-7E48-40C4-B1C2-864199589C24}"
EndProject
Global
	GlobalSection(SolutionConfigurationPlatforms) = preSolution
		Debug|Any CPU = Debug|Any CPU
		Release|Any CPU = Release|Any CPU
	EndGlobalSection
	GlobalSection(ProjectConfigurationPlatforms) = postSolution
		{88D071E2-B2A0-4D7C-9574-025F59E66DDE}.Debug|Any CPU.ActiveCfg = Debug|Any CPU
		{88D071E2-B2A0-4D7C-9574-025F59E66DDE}.Debug|Any CPU.Build.0 = Debug|Any CPU
		{88D071E2-B2A0-4D7C-9574-025F59E66DDE}.Release|Any CPU.ActiveCfg = Release|Any CPU
		{88D071E2-B2A0-4D7C-9574-025F59E66DDE}.Release|Any CPU.Build.0 = Release|Any CPU
		{495D9712-432E-4307-9BFF-7545C9F8685E}.Debug|Any CPU.ActiveCfg = Debug|Any CPU
		{495D9712-432E-4307-9BFF-7545C9F8685E}.Debug|Any CPU.Build.0 = Debug|Any CPU
		{495D9712-432E-4307-9BFF-7545C9F8685E}.Release|Any CPU.ActiveCfg = Release|Any CPU
		{495D9712-432E-4307-9BFF-7545C9F8685E}.Release|Any CPU.Build.0 = Release|Any CPU
		{FC0E218A-3A5D-422B-8239-52024F6574D3}.Debug|Any CPU.ActiveCfg = Debug|Any CPU
		{FC0E218A-3A5D-422B-8239-52024F6574D3}.Debug|Any CPU.Build.0 = Debug|Any CPU
		{FC0E218A-3A5D-422B-8239-52024F6574D3}.Release|Any CPU.ActiveCfg = Release|Any CPU
		{FC0E218A-3A5D-422B-8239-52024F6574D3}.Release|Any CPU.Build.0 = Release|Any CPU
		{1ECB4863-8D37-4425-BB14-93DA86F14CE5}.Debug|Any CPU.ActiveCfg = Debug|Any CPU
		{1ECB4863-8D37-4425-BB14-93DA86F14CE5}.Debug|Any CPU.Build.0 = Debug|Any CPU
		{1ECB4863-8D37-4425-BB14-93DA86F14CE5}.Release|Any CPU.ActiveCfg = Release|Any CPU
		{1ECB4863-8D37-4425-BB14-93DA86F14CE5}.Release|Any CPU.Build.0 = Release|Any CPU
		{11396F5C-83A8-47A1-92D3-457E17634C0D}.Debug|Any CPU.ActiveCfg = Debug|Any CPU
		{11396F5C-83A8-47A1-92D3-457E17634C0D}.Debug|Any CPU.Build.0 = Debug|Any CPU
		{11396F5C-83A8-47A1-92D3-457E17634C0D}.Release|Any CPU.ActiveCfg = Release|Any CPU
		{11396F5C-83A8-47A1-92D3-457E17634C0D}.Release|Any CPU.Build.0 = Release|Any CPU
		{DF929707-1846-4463-B3F9-B8050E5226DB}.Debug|Any CPU.ActiveCfg = Debug|Any CPU
		{DF929707-1846-4463-B3F9-B8050E5226DB}.Debug|Any CPU.Build.0 = Debug|Any CPU
		{DF929707-1846-4463-B3F9-B8050E5226DB}.Release|Any CPU.ActiveCfg = Release|Any CPU
		{DF929707-1846-4463-B3F9-B8050E5226DB}.Release|Any CPU.Build.0 = Release|Any CPU
		{C9060690-C2C1-4547-BB52-6A419F0C0675}.Debug|Any CPU.ActiveCfg = Debug|Any CPU
		{C9060690-C2C1-4547-BB52-6A419F0C0675}.Debug|Any CPU.Build.0 = Debug|Any CPU
		{C9060690-C2C1-4547-BB52-6A419F0C0675}.Release|Any CPU.ActiveCfg = Release|Any CPU
		{C9060690-C2C1-4547-BB52-6A419F0C0675}.Release|Any CPU.Build.0 = Release|Any CPU
		{9E365BD0-CFD1-423E-877B-DBCE00026DC0}.Debug|Any CPU.ActiveCfg = Debug|Any CPU
		{9E365BD0-CFD1-423E-877B-DBCE00026DC0}.Debug|Any CPU.Build.0 = Debug|Any CPU
		{9E365BD0-CFD1-423E-877B-DBCE00026DC0}.Release|Any CPU.ActiveCfg = Release|Any CPU
		{9E365BD0-CFD1-423E-877B-DBCE00026DC0}.Release|Any CPU.Build.0 = Release|Any CPU
		{7A0A8B9C-036C-4493-A13D-CF320D8956BD}.Debug|Any CPU.ActiveCfg = Debug|Any CPU
		{7A0A8B9C-036C-4493-A13D-CF320D8956BD}.Debug|Any CPU.Build.0 = Debug|Any CPU
		{7A0A8B9C-036C-4493-A13D-CF320D8956BD}.Release|Any CPU.ActiveCfg = Release|Any CPU
		{7A0A8B9C-036C-4493-A13D-CF320D8956BD}.Release|Any CPU.Build.0 = Release|Any CPU
		{72F779E8-D466-4679-85FF-E4508C601FBF}.Debug|Any CPU.ActiveCfg = Debug|Any CPU
		{72F779E8-D466-4679-85FF-E4508C601FBF}.Debug|Any CPU.Build.0 = Debug|Any CPU
		{72F779E8-D466-4679-85FF-E4508C601FBF}.Release|Any CPU.ActiveCfg = Release|Any CPU
		{72F779E8-D466-4679-85FF-E4508C601FBF}.Release|Any CPU.Build.0 = Release|Any CPU
		{DC9ADAD5-7E48-40C4-B1C2-864199589C24}.Debug|Any CPU.ActiveCfg = Debug|Any CPU
		{DC9ADAD5-7E48-40C4-B1C2-864199589C24}.Debug|Any CPU.Build.0 = Debug|Any CPU
		{DC9ADAD5-7E48-40C4-B1C2-864199589C24}.Release|Any CPU.ActiveCfg = Release|Any CPU
		{DC9ADAD5-7E48-40C4-B1C2-864199589C24}.Release|Any CPU.Build.0 = Release|Any CPU
	EndGlobalSection
	GlobalSection(SolutionProperties) = preSolution
		HideSolutionNode = FALSE
	EndGlobalSection
	GlobalSection(ExtensibilityGlobals) = postSolution
		SolutionGuid = {60ED8CCA-C112-47A7-B9DF-C070FAA5C16C}
	EndGlobalSection
EndGlobal
