
Microsoft Visual Studio Solution File, Format Version 12.00
# Visual Studio Version 17
VisualStudioVersion = 17.8.34525.116
MinimumVisualStudioVersion = 10.0.40219.1
Project("{FAE04EC0-301F-11D3-BF4B-00C04F79EFBC}") = "bigger-number", "bigger-number\bigger-number.csproj", "{88D071E2-B2A0-4D7C-9574-025F59E66DDE}"
EndProject
Project("{FAE04EC0-301F-11D3-BF4B-00C04F79EFBC}") = "club-access", "club-access\club-access.csproj", "{495D9712-432E-4307-9BFF-7545C9F8685E}"
EndProject
Project("{FAE04EC0-301F-11D3-BF4B-00C04F79EFBC}") = "final-price-product", "final-price-product\final-price-product.csproj", "{FC0E218A-3A5D-422B-8239-52024F6574D3}"
EndProject
Project("{FAE04EC0-301F-11D3-BF4B-00C04F79EFBC}") = "login-simulator", "login-simulator\login-simulator.csproj", "{1ECB4863-8D37-4425-BB14-93DA86F14CE5}"
EndProject
Project("{FAE04EC0-301F-11D3-BF4B-00C04F79EFBC}") = "even-or-odd", "even-or-odd\even-or-odd.csproj", "{11396F5C-83A8-47A1-92D3-457E17634C0D}"
EndProject
Global
	GlobalSection(SolutionConfigurationPlatforms) = preSolution
		Debug|Any CPU = Debug|Any CPU
		Release|Any CPU = Release|Any CPU
	EndGlobalSection
	GlobalSection(ProjectConfigurationPlatforms) = postSolution
		{88D071E2-B2A0-4D7C-9574-025F59E66DDE}.Debug|Any CPU.ActiveCfg = Debug|Any CPU
		{88D071E2-B2A0-4D7C-9574-025F59E66DDE}.Debug|Any CPU.Build.0 = Debug|Any CPU
		{88D071E2-B2A0-4D7C-9574-025F59E66DDE}.Release|Any CPU.ActiveCfg = Release|Any CPU
		{88D071E2-B2A0-4D7C-9574-025F59E66DDE}.Release|Any CPU.Build.0 = Release|Any CPU
		{495D9712-432E-4307-9BFF-7545C9F8685E}.Debug|Any CPU.ActiveCfg = Debug|Any CPU
		{495D9712-432E-4307-9BFF-7545C9F8685E}.Debug|Any CPU.Build.0 = Debug|Any CPU
		{495D9712-432E-4307-9BFF-7545C9F8685E}.Release|Any CPU.ActiveCfg = Release|Any CPU
		{495D9712-432E-4307-9BFF-7545C9F8685E}.Release|Any CPU.Build.0 = Release|Any CPU
		{FC0E218A-3A5D-422B-8239-52024F6574D3}.Debug|Any CPU.ActiveCfg = Debug|Any CPU
		{FC0E218A-3A5D-422B-8239-52024F6574D3}.Debug|Any CPU.Build.0 = Debug|Any CPU
		{FC0E218A-3A5D-422B-8239-52024F6574D3}.Release|Any CPU.ActiveCfg = Release|Any CPU
		{FC0E218A-3A5D-422B-8239-52024F6574D3}.Release|Any CPU.Build.0 = Release|Any CPU
		{1ECB4863-8D37-4425-BB14-93DA86F14CE5}.Debug|Any CPU.ActiveCfg = Debug|Any CPU
		{1ECB4863-8D37-4425-BB14-93DA86F14CE5}.Debug|Any CPU.Build.0 = Debug|Any CPU
		{1ECB4863-8D37-4425-BB14-93DA86F14CE5}.Release|Any CPU.ActiveCfg = Release|Any CPU
		{1ECB4863-8D37-4425-BB14-93DA86F14CE5}.Release|Any CPU.Build.0 = Release|Any CPU
		{11396F5C-83A8-47A1-92D3-457E17634C0D}.Debug|Any CPU.ActiveCfg = Debug|Any CPU
		{11396F5C-83A8-47A1-92D3-457E17634C0D}.Debug|Any CPU.Build.0 = Debug|Any CPU
		{11396F5C-83A8-47A1-92D3-457E17634C0D}.Release|Any CPU.ActiveCfg = Release|Any CPU
		{11396F5C-83A8-47A1-92D3-457E17634C0D}.Release|Any CPU.Build.0 = Release|Any CPU
	EndGlobalSection
	GlobalSection(SolutionProperties) = preSolution
		HideSolutionNode = FALSE
	EndGlobalSection
	GlobalSection(ExtensibilityGlobals) = postSolution
		SolutionGuid = {60ED8CCA-C112-47A7-B9DF-C070FAA5C16C}
	EndGlobalSection
EndGlobal
